
Microsoft Visual Studio Solution File, Format Version 11.00
# Visual C++ Express 2010
Project("{8BC9CEB8-8B4A-11D0-8D11-00A0C91BC942}") = "Windows-timed-shutdown", "Windows-timed-shutdown\Windows-timed-shutdown.vcxproj", "{24C009AC-3BD0-40D7-8521-015384C4AB87}"
EndProject
Global
	GlobalSection(SolutionConfigurationPlatforms) = preSolution
		Debug|Win32 = Debug|Win32
		Release|Win32 = Release|Win32
	EndGlobalSection
	GlobalSection(ProjectConfigurationPlatforms) = postSolution
		{24C009AC-3BD0-40D7-8521-015384C4AB87}.Debug|Win32.ActiveCfg = Debug|Win32
		{24C009AC-3BD0-40D7-8521-015384C4AB87}.Debug|Win32.Build.0 = Debug|Win32
		{24C009AC-3BD0-40D7-8521-015384C4AB87}.Release|Win32.ActiveCfg = Release|Win32
		{24C009AC-3BD0-40D7-8521-015384C4AB87}.Release|Win32.Build.0 = Release|Win32
	EndGlobalSection
	GlobalSection(SolutionProperties) = preSolution
		HideSolutionNode = FALSE
	EndGlobalSection
EndGlobal
